github.com/TantowiPutra/Go-Module v0.0.0-20240405073059-48642d8dfa4f h1:1XX83Exj9ZGC8gLSeP3EgulCVs1o1dCECOARQlW/NDM=
github.com/TantowiPutra/Go-Module v0.0.0-20240405073059-48642d8dfa4f/go.mod h1:vU6U/miI63ar3W/gdR/zNaWSjoBd8BLBV28N6y1fO0E=
github.com/TantowiPutra/Go-Module v1.0.1 h1:EezkGi5MQdbZwpKFP0yJTRNunE1kUcqoI5R9fPE3KrU=
github.com/TantowiPutra/Go-Module v1.0.1/go.mod h1:vU6U/miI63ar3W/gdR/zNaWSjoBd8BLBV28N6y1fO0E=
github.com/TantowiPutra/Go-Module v1.0.2 h1:3tK/K3awvc28j73jE0qf1JXQf1avcU9WJASHosEggLs=
github.com/TantowiPutra/Go-Module v1.0.2/go.mod h1:vU6U/miI63ar3W/gdR/zNaWSjoBd8BLBV28N6y1fO0E=
github.com/TantowiPutra/Go-Module/v2 v2.0.0 h1:2XhQeJXMb6s9pXjR172SDKq6Qv/FKwYayzZP7wCaeF4=
github.com/TantowiPutra/Go-Module/v2 v2.0.0/go.mod h1:hvfbVlOCxdeLvgsQkcC9L3XrCGc9VNpyyHD+hBJcRJU=
